
Microsoft Visual Studio Solution File, Format Version 12.00
# Visual Studio Version 16
VisualStudioVersion = 16.0.30711.63
MinimumVisualStudioVersion = 10.0.40219.1
Project("{9A19103F-16F7-4668-BE54-9A1E7A4F7556}") = "PyramidChallenge.Presentation.ConsoleApplication", "PyramidChallenge.Presentation.ConsoleApplication\PyramidChallenge.Presentation.ConsoleApplication.csproj", "{8C06E4EF-0382-4EFB-9651-CF969529D7C3}"
EndProject
Project("{9A19103F-16F7-4668-BE54-9A1E7A4F7556}") = "PyramidChallenge.Domain", "PyramidChallenge.Domain\PyramidChallenge.Domain.csproj", "{D4B68BD3-0737-4CDD-A13C-2B48E93EA2F1}"
EndProject
Project("{9A19103F-16F7-4668-BE54-9A1E7A4F7556}") = "PyramidChallenge.UnitTest.Domain", "PyramidChallenge.UnitTest.Domain\PyramidChallenge.UnitTest.Domain.csproj", "{21240366-7236-4A17-81D5-FCFE81AFD10F}"
EndProject
Project("{9A19103F-16F7-4668-BE54-9A1E7A4F7556}") = "PyramidChallenge.Bootstrapping", "PyramidChallenge.Bootstrapping\PyramidChallenge.Bootstrapping.csproj", "{A3D9E9FF-16FB-4CA9-BF21-A89EC2CDC4E2}"
EndProject
Global
	GlobalSection(SolutionConfigurationPlatforms) = preSolution
		Debug|Any CPU = Debug|Any CPU
		Release|Any CPU = Release|Any CPU
	EndGlobalSection
	GlobalSection(ProjectConfigurationPlatforms) = postSolution
		{8C06E4EF-0382-4EFB-9651-CF969529D7C3}.Debug|Any CPU.ActiveCfg = Debug|Any CPU
		{8C06E4EF-0382-4EFB-9651-CF969529D7C3}.Debug|Any CPU.Build.0 = Debug|Any CPU
		{8C06E4EF-0382-4EFB-9651-CF969529D7C3}.Release|Any CPU.ActiveCfg = Release|Any CPU
		{8C06E4EF-0382-4EFB-9651-CF969529D7C3}.Release|Any CPU.Build.0 = Release|Any CPU
		{D4B68BD3-0737-4CDD-A13C-2B48E93EA2F1}.Debug|Any CPU.ActiveCfg = Debug|Any CPU
		{D4B68BD3-0737-4CDD-A13C-2B48E93EA2F1}.Debug|Any CPU.Build.0 = Debug|Any CPU
		{D4B68BD3-0737-4CDD-A13C-2B48E93EA2F1}.Release|Any CPU.ActiveCfg = Release|Any CPU
		{D4B68BD3-0737-4CDD-A13C-2B48E93EA2F1}.Release|Any CPU.Build.0 = Release|Any CPU
		{21240366-7236-4A17-81D5-FCFE81AFD10F}.Debug|Any CPU.ActiveCfg = Debug|Any CPU
		{21240366-7236-4A17-81D5-FCFE81AFD10F}.Debug|Any CPU.Build.0 = Debug|Any CPU
		{21240366-7236-4A17-81D5-FCFE81AFD10F}.Release|Any CPU.ActiveCfg = Release|Any CPU
		{21240366-7236-4A17-81D5-FCFE81AFD10F}.Release|Any CPU.Build.0 = Release|Any CPU
		{A3D9E9FF-16FB-4CA9-BF21-A89EC2CDC4E2}.Debug|Any CPU.ActiveCfg = Debug|Any CPU
		{A3D9E9FF-16FB-4CA9-BF21-A89EC2CDC4E2}.Debug|Any CPU.Build.0 = Debug|Any CPU
		{A3D9E9FF-16FB-4CA9-BF21-A89EC2CDC4E2}.Release|Any CPU.ActiveCfg = Release|Any CPU
		{A3D9E9FF-16FB-4CA9-BF21-A89EC2CDC4E2}.Release|Any CPU.Build.0 = Release|Any CPU
	EndGlobalSection
	GlobalSection(SolutionProperties) = preSolution
		HideSolutionNode = FALSE
	EndGlobalSection
	GlobalSection(ExtensibilityGlobals) = postSolution
		SolutionGuid = {144715A9-0079-4EDE-9C22-3DD2550EABF1}
	EndGlobalSection
EndGlobal
